PODS:
  - Anchorage (4.5.0)
  - FastMath (4.1.0):
    - PippinLibrary (~> 2)
  - PippinLibrary (2.6.0):
    - Anchorage
    - Closures
    - Then
  - Then (2.7.0)

DEPENDENCIES:
  - FastMath

SPEC REPOS:
  https://github.com/TwoRingSoft/podspecs.git:
    - Anchorage
    - FastMath
    - PippinLibrary
    - Then

SPEC CHECKSUMS:
  Anchorage: 59fa258516dba0677ba44fe2ad61c574155e9c17
  FastMath: 3149a83d273945502ff60a2125caa31d2bed2e51
  PippinLibrary: b9e24025b39762fa57e4f7ece46299268b1c23e0
  Then: e300741480d0847b9a9ad522bd163ac4523c7b19

PODFILE CHECKSUM: b974f29a3113ab6675a55852f745140f78dd7cb8

COCOAPODS: 1.11.2
