PODS:
  - Anchorage (4.5.0)
  - Closures (0.7)
  - FastMath (4.0.0):
    - PippinLibrary (~> 2)
  - FastMath/Tests (4.0.0):
    - PippinLibrary (~> 2)
  - PippinLibrary (2.6.0):
    - Anchorage
    - Closures
    - Then
  - Then (2.7.0)

DEPENDENCIES:
  - FastMath (from `../../TwoRingSoft/Frameworks/FastMath`)
  - FastMath/Tests (from `../../TwoRingSoft/Frameworks/FastMath`)

SPEC REPOS:
  trunk:
    - Anchorage
    - Closures
    - PippinLibrary
    - Then

EXTERNAL SOURCES:
  FastMath:
    :path: "../../TwoRingSoft/Frameworks/FastMath"

SPEC CHECKSUMS:
  Anchorage: 1961bc81c84aeed54ad7ffc697c50cd9de748ba6
  Closures: a83b9892a5b1c4125a9dfcd53e2754db5d7f6d22
  FastMath: 8e3db953b1e753c36a05862ba9a961f69de08210
  PippinLibrary: 8e42df6b8586738ad5832a3e496b3bd111e24690
  Then: acfe0be7e98221c6204e12f8161459606d5d822d

PODFILE CHECKSUM: 1abc820ba30bba6ca3bb82fc01adcde0152b973f

COCOAPODS: 1.11.2
